// !$*UTF8*$!
{
	archiveVersion = 1;
	classes = {
	};
	objectVersion = 46;
	objects = {

/* Begin PBXBuildFile section */
		5628FFAF1B5AB1EA00D89F45 /* main.m in Sources */ = {isa = PBXBuildFile; fileRef = 5628FFAE1B5AB1EA00D89F45 /* main.m */; };
		5628FFB21B5AB1EA00D89F45 /* AppDelegate.m in Sources */ = {isa = PBXBuildFile; fileRef = 5628FFB11B5AB1EA00D89F45 /* AppDelegate.m */; };
		5628FFB51B5AB1EA00D89F45 /* ViewController.m in Sources */ = {isa = PBXBuildFile; fileRef = 5628FFB41B5AB1EA00D89F45 /* ViewController.m */; };
		5628FFB81B5AB1EA00D89F45 /* Main.storyboard in Resources */ = {isa = PBXBuildFile; fileRef = 5628FFB61B5AB1EA00D89F45 /* Main.storyboard */; };
		5628FFBA1B5AB1EA00D89F45 /* Images.xcassets in Resources */ = {isa = PBXBuildFile; fileRef = 5628FFB91B5AB1EA00D89F45 /* Images.xcassets */; };
		5628FFBD1B5AB1EA00D89F45 /* LaunchScreen.xib in Resources */ = {isa = PBXBuildFile; fileRef = 5628FFBB1B5AB1EA00D89F45 /* LaunchScreen.xib */; };
		5628FFC91B5AB1EA00D89F45 /* BidirectionalCollectionTests.m in Sources */ = {isa = PBXBuildFile; fileRef = 5628FFC81B5AB1EA00D89F45 /* BidirectionalCollectionTests.m */; };
		5628FFD51B5AB29B00D89F45 /* BidirectionCollectionLayout.m in Sources */ = {isa = PBXBuildFile; fileRef = 5628FFD41B5AB29B00D89F45 /* BidirectionCollectionLayout.m */; };
		56CE83E11BEE082E007BC3BE /* Demo.gif in Resources */ = {isa = PBXBuildFile; fileRef = 56CE83E01BEE082E007BC3BE /* Demo.gif */; };
/* End PBXBuildFile section */

/* Begin PBXContainerItemProxy section */
		5628FFC31B5AB1EA00D89F45 /* PBXContainerItemProxy */ = {
			isa = PBXContainerItemProxy;
			containerPortal = 5628FFA11B5AB1EA00D89F45 /* Project object */;
			proxyType = 1;
			remoteGlobalIDString = 5628FFA81B5AB1EA00D89F45;
			remoteInfo = BidirectionalCollection;
		};
/* End PBXContainerItemProxy section */

/* Begin PBXFileReference section */
		5628FFA91B5AB1EA00D89F45 /* BidirectionalCollection.app */ = {isa = PBXFileReference; explicitFileType = wrapper.application; includeInIndex = 0; path = BidirectionalCollection.app; sourceTree = BUILT_PRODUCTS_DIR; };
		5628FFAD1B5AB1EA00D89F45 /* Info.plist */ = {isa = PBXFileReference; lastKnownFileType = text.plist.xml; path = Info.plist; sourceTree = "<group>"; };
		5628FFAE1B5AB1EA00D89F45 /* main.m */ = {isa = PBXFileReference; lastKnownFileType = sourcecode.c.objc; path = main.m; sourceTree = "<group>"; };
		5628FFB01B5AB1EA00D89F45 /* AppDelegate.h */ = {isa = PBXFileReference; lastKnownFileType = sourcecode.c.h; path = AppDelegate.h; sourceTree = "<group>"; };
		5628FFB11B5AB1EA00D89F45 /* AppDelegate.m */ = {isa = PBXFileReference; lastKnownFileType = sourcecode.c.objc; path = AppDelegate.m; sourceTree = "<group>"; };
		5628FFB31B5AB1EA00D89F45 /* ViewController.h */ = {isa = PBXFileReference; lastKnownFileType = sourcecode.c.h; path = ViewController.h; sourceTree = "<group>"; };
		5628FFB41B5AB1EA00D89F45 /* ViewController.m */ = {isa = PBXFileReference; lastKnownFileType = sourcecode.c.objc; path = ViewController.m; sourceTree = "<group>"; };
		5628FFB71B5AB1EA00D89F45 /* Base */ = {isa = PBXFileReference; lastKnownFileType = file.storyboard; name = Base; path = Base.lproj/Main.storyboard; sourceTree = "<group>"; };
		5628FFB91B5AB1EA00D89F45 /* Images.xcassets */ = {isa = PBXFileReference; lastKnownFileType = folder.assetcatalog; path = Images.xcassets; sourceTree = "<group>"; };
		5628FFBC1B5AB1EA00D89F45 /* Base */ = {isa = PBXFileReference; lastKnownFileType = file.xib; name = Base; path = Base.lproj/LaunchScreen.xib; sourceTree = "<group>"; };
		5628FFC21B5AB1EA00D89F45 /* BidirectionalCollectionTests.xctest */ = {isa = PBXFileReference; explicitFileType = wrapper.cfbundle; includeInIndex = 0; path = BidirectionalCollectionTests.xctest; sourceTree = BUILT_PRODUCTS_DIR; };
		5628FFC71B5AB1EA00D89F45 /* Info.plist */ = {isa = PBXFileReference; lastKnownFileType = text.plist.xml; path = Info.plist; sourceTree = "<group>"; };
		5628FFC81B5AB1EA00D89F45 /* BidirectionalCollectionTests.m */ = {isa = PBXFileReference; lastKnownFileType = sourcecode.c.objc; path = BidirectionalCollectionTests.m; sourceTree = "<group>"; };
		5628FFD31B5AB29B00D89F45 /* BidirectionCollectionLayout.h */ = {isa = PBXFileReference; fileEncoding = 4; lastKnownFileType = sourcecode.c.h; path = BidirectionCollectionLayout.h; sourceTree = "<group>"; };
		5628FFD41B5AB29B00D89F45 /* BidirectionCollectionLayout.m */ = {isa = PBXFileReference; fileEncoding = 4; lastKnownFileType = sourcecode.c.objc; path = BidirectionCollectionLayout.m; sourceTree = "<group>"; };
		56CE83E01BEE082E007BC3BE /* Demo.gif */ = {isa = PBXFileReference; lastKnownFileType = image.gif; path = Demo.gif; sourceTree = "<group>"; };
/* End PBXFileReference section */

/* Begin PBXFrameworksBuildPhase section */
		5628FFA61B5AB1EA00D89F45 /* Frameworks */ = {
			isa = PBXFrameworksBuildPhase;
			buildActionMask = 2147483647;
			files = (
			);
			runOnlyForDeploymentPostprocessing = 0;
		};
		5628FFBF1B5AB1EA00D89F45 /* Frameworks */ = {
			isa = PBXFrameworksBuildPhase;
			buildActionMask = 2147483647;
			files = (
			);
			runOnlyForDeploymentPostprocessing = 0;
		};
/* End PBXFrameworksBuildPhase section */

/* Begin PBXGroup section */
		5628FFA01B5AB1EA00D89F45 = {
			isa = PBXGroup;
			children = (
				5628FFD21B5AB29B00D89F45 /* BidirectionalCollectionLayout */,
				5628FFAB1B5AB1EA00D89F45 /* BidirectionalCollection */,
				5628FFC51B5AB1EA00D89F45 /* BidirectionalCollectionTests */,
				5628FFAA1B5AB1EA00D89F45 /* Products */,
			);
			sourceTree = "<group>";
		};
		5628FFAA1B5AB1EA00D89F45 /* Products */ = {
			isa = PBXGroup;
			children = (
				5628FFA91B5AB1EA00D89F45 /* BidirectionalCollection.app */,
				5628FFC21B5AB1EA00D89F45 /* BidirectionalCollectionTests.xctest */,
			);
			name = Products;
			sourceTree = "<group>";
		};
		5628FFAB1B5AB1EA00D89F45 /* BidirectionalCollection */ = {
			isa = PBXGroup;
			children = (
				5628FFB01B5AB1EA00D89F45 /* AppDelegate.h */,
				5628FFB11B5AB1EA00D89F45 /* AppDelegate.m */,
				5628FFB31B5AB1EA00D89F45 /* ViewController.h */,
				5628FFB41B5AB1EA00D89F45 /* ViewController.m */,
				5628FFB61B5AB1EA00D89F45 /* Main.storyboard */,
				5628FFB91B5AB1EA00D89F45 /* Images.xcassets */,
				5628FFBB1B5AB1EA00D89F45 /* LaunchScreen.xib */,
				56CE83E01BEE082E007BC3BE /* Demo.gif */,
				5628FFAC1B5AB1EA00D89F45 /* Supporting Files */,
			);
			path = BidirectionalCollection;
			sourceTree = "<group>";
		};
		5628FFAC1B5AB1EA00D89F45 /* Supporting Files */ = {
			isa = PBXGroup;
			children = (
				5628FFAD1B5AB1EA00D89F45 /* Info.plist */,
				5628FFAE1B5AB1EA00D89F45 /* main.m */,
			);
			name = "Supporting Files";
			sourceTree = "<group>";
		};
		5628FFC51B5AB1EA00D89F45 /* BidirectionalCollectionTests */ = {
			isa = PBXGroup;
			children = (
				5628FFC81B5AB1EA00D89F45 /* BidirectionalCollectionTests.m */,
				5628FFC61B5AB1EA00D89F45 /* Supporting Files */,
			);
			path = BidirectionalCollectionTests;
			sourceTree = "<group>";
		};
		5628FFC61B5AB1EA00D89F45 /* Supporting Files */ = {
			isa = PBXGroup;
			children = (
				5628FFC71B5AB1EA00D89F45 /* Info.plist */,
			);
			name = "Supporting Files";
			sourceTree = "<group>";
		};
		5628FFD21B5AB29B00D89F45 /* BidirectionalCollectionLayout */ = {
			isa = PBXGroup;
			children = (
				5628FFD31B5AB29B00D89F45 /* BidirectionCollectionLayout.h */,
				5628FFD41B5AB29B00D89F45 /* BidirectionCollectionLayout.m */,
			);
			path = BidirectionalCollectionLayout;
			sourceTree = "<group>";
		};
/* End PBXGroup section */

/* Begin PBXNativeTarget section */
		5628FFA81B5AB1EA00D89F45 /* BidirectionalCollection */ = {
			isa = PBXNativeTarget;
			buildConfigurationList = 5628FFCC1B5AB1EA00D89F45 /* Build configuration list for PBXNativeTarget "BidirectionalCollection" */;
			buildPhases = (
				5628FFA51B5AB1EA00D89F45 /* Sources */,
				5628FFA61B5AB1EA00D89F45 /* Frameworks */,
				5628FFA71B5AB1EA00D89F45 /* Resources */,
			);
			buildRules = (
			);
			dependencies = (
			);
			name = BidirectionalCollection;
			productName = BidirectionalCollection;
			productReference = 5628FFA91B5AB1EA00D89F45 /* BidirectionalCollection.app */;
			productType = "com.apple.product-type.application";
		};
		5628FFC11B5AB1EA00D89F45 /* BidirectionalCollectionTests */ = {
			isa = PBXNativeTarget;
			buildConfigurationList = 5628FFCF1B5AB1EA00D89F45 /* Build configuration list for PBXNativeTarget "BidirectionalCollectionTests" */;
			buildPhases = (
				5628FFBE1B5AB1EA00D89F45 /* Sources */,
				5628FFBF1B5AB1EA00D89F45 /* Frameworks */,
				5628FFC01B5AB1EA00D89F45 /* Resources */,
			);
			buildRules = (
			);
			dependencies = (
				5628FFC41B5AB1EA00D89F45 /* PBXTargetDependency */,
			);
			name = BidirectionalCollectionTests;
			productName = BidirectionalCollectionTests;
			productReference = 5628FFC21B5AB1EA00D89F45 /* BidirectionalCollectionTests.xctest */;
			productType = "com.apple.product-type.bundle.unit-test";
		};
/* End PBXNativeTarget section */

/* Begin PBXProject section */
		5628FFA11B5AB1EA00D89F45 /* Project object */ = {
			isa = PBXProject;
			attributes = {
				LastUpgradeCheck = 0610;
				ORGANIZATIONNAME = "Akash Raje";
				TargetAttributes = {
					5628FFA81B5AB1EA00D89F45 = {
						CreatedOnToolsVersion = 6.1.1;
					};
					5628FFC11B5AB1EA00D89F45 = {
						CreatedOnToolsVersion = 6.1.1;
						TestTargetID = 5628FFA81B5AB1EA00D89F45;
					};
				};
			};
			buildConfigurationList = 5628FFA41B5AB1EA00D89F45 /* Build configuration list for PBXProject "BidirectionalCollection" */;
			compatibilityVersion = "Xcode 3.2";
			developmentRegion = English;
			hasScannedForEncodings = 0;
			knownRegions = (
				en,
				Base,
			);
			mainGroup = 5628FFA01B5AB1EA00D89F45;
			productRefGroup = 5628FFAA1B5AB1EA00D89F45 /* Products */;
			projectDirPath = "";
			projectRoot = "";
			targets = (
				5628FFA81B5AB1EA00D89F45 /* BidirectionalCollection */,
				5628FFC11B5AB1EA00D89F45 /* BidirectionalCollectionTests */,
			);
		};
/* End PBXProject section */

/* Begin PBXResourcesBuildPhase section */
		5628FFA71B5AB1EA00D89F45 /* Resources */ = {
			isa = PBXResourcesBuildPhase;
			buildActionMask = 2147483647;
			files = (
				5628FFB81B5AB1EA00D89F45 /* Main.storyboard in Resources */,
				56CE83E11BEE082E007BC3BE /* Demo.gif in Resources */,
				5628FFBD1B5AB1EA00D89F45 /* LaunchScreen.xib in Resources */,
				5628FFBA1B5AB1EA00D89F45 /* Images.xcassets in Resources */,
			);
			runOnlyForDeploymentPostprocessing = 0;
		};
		5628FFC01B5AB1EA00D89F45 /* Resources */ = {
			isa = PBXResourcesBuildPhase;
			buildActionMask = 2147483647;
			files = (
			);
			runOnlyForDeploymentPostprocessing = 0;
		};
/* End PBXResourcesBuildPhase section */

/* Begin PBXSourcesBuildPhase section */
		5628FFA51B5AB1EA00D89F45 /* Sources */ = {
			isa = PBXSourcesBuildPhase;
			buildActionMask = 2147483647;
			files = (
				5628FFB51B5AB1EA00D89F45 /* ViewController.m in Sources */,
				5628FFB21B5AB1EA00D89F45 /* AppDelegate.m in Sources */,
				5628FFD51B5AB29B00D89F45 /* BidirectionCollectionLayout.m in Sources */,
				5628FFAF1B5AB1EA00D89F45 /* main.m in Sources */,
			);
			runOnlyForDeploymentPostprocessing = 0;
		};
		5628FFBE1B5AB1EA00D89F45 /* Sources */ = {
			isa = PBXSourcesBuildPhase;
			buildActionMask = 2147483647;
			files = (
				5628FFC91B5AB1EA00D89F45 /* BidirectionalCollectionTests.m in Sources */,
			);
			runOnlyForDeploymentPostprocessing = 0;
		};
/* End PBXSourcesBuildPhase section */

/* Begin PBXTargetDependency section */
		5628FFC41B5AB1EA00D89F45 /* PBXTargetDependency */ = {
			isa = PBXTargetDependency;
			target = 5628FFA81B5AB1EA00D89F45 /* BidirectionalCollection */;
			targetProxy = 5628FFC31B5AB1EA00D89F45 /* PBXContainerItemProxy */;
		};
/* End PBXTargetDependency section */

/* Begin PBXVariantGroup section */
		5628FFB61B5AB1EA00D89F45 /* Main.storyboard */ = {
			isa = PBXVariantGroup;
			children = (
				5628FFB71B5AB1EA00D89F45 /* Base */,
			);
			name = Main.storyboard;
			sourceTree = "<group>";
		};
		5628FFBB1B5AB1EA00D89F45 /* LaunchScreen.xib */ = {
			isa = PBXVariantGroup;
			children = (
				5628FFBC1B5AB1EA00D89F45 /* Base */,
			);
			name = LaunchScreen.xib;
			sourceTree = "<group>";
		};
/* End PBXVariantGroup section */

/* Begin XCBuildConfiguration section */
		5628FFCA1B5AB1EA00D89F45 /* Debug */ = {
			isa = XCBuildConfiguration;
			buildSettings = {
				ALWAYS_SEARCH_USER_PATHS = NO;
				CLANG_CXX_LANGUAGE_STANDARD = "gnu++0x";
				CLANG_CXX_LIBRARY = "libc++";
				CLANG_ENABLE_MODULES = YES;
				CLANG_ENABLE_OBJC_ARC = YES;
				CLANG_WARN_BOOL_CONVERSION = YES;
				CLANG_WARN_CONSTANT_CONVERSION = YES;
				CLANG_WARN_DIRECT_OBJC_ISA_USAGE = YES_ERROR;
				CLANG_WARN_EMPTY_BODY = YES;
				CLANG_WARN_ENUM_CONVERSION = YES;
				CLANG_WARN_INT_CONVERSION = YES;
				CLANG_WARN_OBJC_ROOT_CLASS = YES_ERROR;
				CLANG_WARN_UNREACHABLE_CODE = YES;
				CLANG_WARN__DUPLICATE_METHOD_MATCH = YES;
				"CODE_SIGN_IDENTITY[sdk=iphoneos*]" = "iPhone Developer";
				COPY_PHASE_STRIP = NO;
				ENABLE_STRICT_OBJC_MSGSEND = YES;
				GCC_C_LANGUAGE_STANDARD = gnu99;
				GCC_DYNAMIC_NO_PIC = NO;
				GCC_OPTIMIZATION_LEVEL = 0;
				GCC_PREPROCESSOR_DEFINITIONS = (
					"DEBUG=1",
					"$(inherited)",
				);
				GCC_SYMBOLS_PRIVATE_EXTERN = NO;
				GCC_WARN_64_TO_32_BIT_CONVERSION = YES;
				GCC_WARN_ABOUT_RETURN_TYPE = YES_ERROR;
				GCC_WARN_UNDECLARED_SELECTOR = YES;
				GCC_WARN_UNINITIALIZED_AUTOS = YES_AGGRESSIVE;
				GCC_WARN_UNUSED_FUNCTION = YES;
				GCC_WARN_UNUSED_VARIABLE = YES;
				IPHONEOS_DEPLOYMENT_TARGET = 8.1;
				MTL_ENABLE_DEBUG_INFO = YES;
				ONLY_ACTIVE_ARCH = YES;
				SDKROOT = iphoneos;
				TARGETED_DEVICE_FAMILY = "1,2";
			};
			name = Debug;
		};
		5628FFCB1B5AB1EA00D89F45 /* Release */ = {
			isa = XCBuildConfiguration;
			buildSettings = {
				ALWAYS_SEARCH_USER_PATHS = NO;
				CLANG_CXX_LANGUAGE_STANDARD = "gnu++0x";
				CLANG_CXX_LIBRARY = "libc++";
				CLANG_ENABLE_MODULES = YES;
				CLANG_ENABLE_OBJC_ARC = YES;
				CLANG_WARN_BOOL_CONVERSION = YES;
				CLANG_WARN_CONSTANT_CONVERSION = YES;
				CLANG_WARN_DIRECT_OBJC_ISA_USAGE = YES_ERROR;
				CLANG_WARN_EMPTY_BODY = YES;
				CLANG_WARN_ENUM_CONVERSION = YES;
				CLANG_WARN_INT_CONVERSION = YES;
				CLANG_WARN_OBJC_ROOT_CLASS = YES_ERROR;
				CLANG_WARN_UNREACHABLE_CODE = YES;
				CLANG_WARN__DUPLICATE_METHOD_MATCH = YES;
				"CODE_SIGN_IDENTITY[sdk=iphoneos*]" = "iPhone Developer";
				COPY_PHASE_STRIP = YES;
				ENABLE_NS_ASSERTIONS = NO;
				ENABLE_STRICT_OBJC_MSGSEND = YES;
				GCC_C_LANGUAGE_STANDARD = gnu99;
				GCC_WARN_64_TO_32_BIT_CONVERSION = YES;
				GCC_WARN_ABOUT_RETURN_TYPE = YES_ERROR;
				GCC_WARN_UNDECLARED_SELECTOR = YES;
				GCC_WARN_UNINITIALIZED_AUTOS = YES_AGGRESSIVE;
				GCC_WARN_UNUSED_FUNCTION = YES;
				GCC_WARN_UNUSED_VARIABLE = YES;
				IPHONEOS_DEPLOYMENT_TARGET = 8.1;
				MTL_ENABLE_DEBUG_INFO = NO;
				SDKROOT = iphoneos;
				TARGETED_DEVICE_FAMILY = "1,2";
				VALIDATE_PRODUCT = YES;
			};
			name = Release;
		};
		5628FFCD1B5AB1EA00D89F45 /* Debug */ = {
			isa = XCBuildConfiguration;
			buildSettings = {
				ASSETCATALOG_COMPILER_APPICON_NAME = AppIcon;
				INFOPLIST_FILE = BidirectionalCollection/Info.plist;
				LD_RUNPATH_SEARCH_PATHS = "$(inherited) @executable_path/Frameworks";
				PRODUCT_NAME = "$(TARGET_NAME)";
			};
			name = Debug;
		};
		5628FFCE1B5AB1EA00D89F45 /* Release */ = {
			isa = XCBuildConfiguration;
			buildSettings = {
				ASSETCATALOG_COMPILER_APPICON_NAME = AppIcon;
				INFOPLIST_FILE = BidirectionalCollection/Info.plist;
				LD_RUNPATH_SEARCH_PATHS = "$(inherited) @executable_path/Frameworks";
				PRODUCT_NAME = "$(TARGET_NAME)";
			};
			name = Release;
		};
		5628FFD01B5AB1EA00D89F45 /* Debug */ = {
			isa = XCBuildConfiguration;
			buildSettings = {
				BUNDLE_LOADER = "$(TEST_HOST)";
				FRAMEWORK_SEARCH_PATHS = (
					"$(SDKROOT)/Developer/Library/Frameworks",
					"$(inherited)",
				);
				GCC_PREPROCESSOR_DEFINITIONS = (
					"DEBUG=1",
					"$(inherited)",
				);
				INFOPLIST_FILE = BidirectionalCollectionTests/Info.plist;
				LD_RUNPATH_SEARCH_PATHS = "$(inherited) @executable_path/Frameworks @loader_path/Frameworks";
				PRODUCT_NAME = "$(TARGET_NAME)";
				TEST_HOST = "$(BUILT_PRODUCTS_DIR)/BidirectionalCollection.app/BidirectionalCollection";
			};
			name = Debug;
		};
		5628FFD11B5AB1EA00D89F45 /* Release */ = {
			isa = XCBuildConfiguration;
			buildSettings = {
				BUNDLE_LOADER = "$(TEST_HOST)";
				FRAMEWORK_SEARCH_PATHS = (
					"$(SDKROOT)/Developer/Library/Frameworks",
					"$(inherited)",
				);
				INFOPLIST_FILE = BidirectionalCollectionTests/Info.plist;
				LD_RUNPATH_SEARCH_PATHS = "$(inherited) @executable_path/Frameworks @loader_path/Frameworks";
				PRODUCT_NAME = "$(TARGET_NAME)";
				TEST_HOST = "$(BUILT_PRODUCTS_DIR)/BidirectionalCollection.app/BidirectionalCollection";
			};
			name = Release;
		};
/* End XCBuildConfiguration section */

/* Begin XCConfigurationList section */
		5628FFA41B5AB1EA00D89F45 /* Build configuration list for PBXProject "BidirectionalCollection" */ = {
			isa = XCConfigurationList;
			buildConfigurations = (
				5628FFCA1B5AB1EA00D89F45 /* Debug */,
				5628FFCB1B5AB1EA00D89F45 /* Release */,
			);
			defaultConfigurationIsVisible = 0;
			defaultConfigurationName = Release;
		};
		5628FFCC1B5AB1EA00D89F45 /* Build configuration list for PBXNativeTarget "BidirectionalCollection" */ = {
			isa = XCConfigurationList;
			buildConfigurations = (
				5628FFCD1B5AB1EA00D89F45 /* Debug */,
				5628FFCE1B5AB1EA00D89F45 /* Release */,
			);
			defaultConfigurationIsVisible = 0;
			defaultConfigurationName = Release;
		};
		5628FFCF1B5AB1EA00D89F45 /* Build configuration list for PBXNativeTarget "BidirectionalCollectionTests" */ = {
			isa = XCConfigurationList;
			buildConfigurations = (
				5628FFD01B5AB1EA00D89F45 /* Debug */,
				5628FFD11B5AB1EA00D89F45 /* Release */,
			);
			defaultConfigurationIsVisible = 0;
			defaultConfigurationName = Release;
		};
/* End XCConfigurationList section */
	};
	rootObject = 5628FFA11B5AB1EA00D89F45 /* Project object */;
}
